
Microsoft Visual Studio Solution File, Format Version 12.00
# Visual Studio Version 17
VisualStudioVersion = 17.9.34728.123
MinimumVisualStudioVersion = 10.0.40219.1
Project("{54A90642-561A-4BB1-A94E-469ADEE60C69}") = "traffic-light", "traffic-light\traffic-light.esproj", "{2DBD5485-A8E0-4146-BF30-67C92BB577E8}"
EndProject
Project("{9A19103F-16F7-4668-BE54-9A1E7A4F7556}") = "TrafficLightAPI", "TrafficLightAPI\TrafficLightAPI.csproj", "{B4D4DD0B-B991-4438-A1F0-B488AAA2739F}"
EndProject
Project("{2150E333-8FDC-42A3-9474-1A3956D46DE8}") = "Solution Items", "Solution Items", "{0C578AAC-E6AB-4290-BBCE-D53D82B3F49A}"
	ProjectSection(SolutionItems) = preProject
		README.md = README.md
	EndProjectSection
EndProject
Global
	GlobalSection(SolutionConfigurationPlatforms) = preSolution
		Debug|Any CPU = Debug|Any CPU
		Release|Any CPU = Release|Any CPU
	EndGlobalSection
	GlobalSection(ProjectConfigurationPlatforms) = postSolution
		{2DBD5485-A8E0-4146-BF30-67C92BB577E8}.Debug|Any CPU.ActiveCfg = Debug|Any CPU
		{2DBD5485-A8E0-4146-BF30-67C92BB577E8}.Debug|Any CPU.Build.0 = Debug|Any CPU
		{2DBD5485-A8E0-4146-BF30-67C92BB577E8}.Debug|Any CPU.Deploy.0 = Debug|Any CPU
		{2DBD5485-A8E0-4146-BF30-67C92BB577E8}.Release|Any CPU.ActiveCfg = Release|Any CPU
		{2DBD5485-A8E0-4146-BF30-67C92BB577E8}.Release|Any CPU.Build.0 = Release|Any CPU
		{2DBD5485-A8E0-4146-BF30-67C92BB577E8}.Release|Any CPU.Deploy.0 = Release|Any CPU
		{B4D4DD0B-B991-4438-A1F0-B488AAA2739F}.Debug|Any CPU.ActiveCfg = Debug|Any CPU
		{B4D4DD0B-B991-4438-A1F0-B488AAA2739F}.Debug|Any CPU.Build.0 = Debug|Any CPU
		{B4D4DD0B-B991-4438-A1F0-B488AAA2739F}.Release|Any CPU.ActiveCfg = Release|Any CPU
		{B4D4DD0B-B991-4438-A1F0-B488AAA2739F}.Release|Any CPU.Build.0 = Release|Any CPU
	EndGlobalSection
	GlobalSection(SolutionProperties) = preSolution
		HideSolutionNode = FALSE
	EndGlobalSection
	GlobalSection(ExtensibilityGlobals) = postSolution
		SolutionGuid = {DAC4C797-C51C-4010-8D23-454E6FAEF279}
	EndGlobalSection
EndGlobal
